
Microsoft Visual Studio Solution File, Format Version 12.00
# Visual Studio Version 17
VisualStudioVersion = 17.7.34024.191
MinimumVisualStudioVersion = 10.0.40219.1
Project("{FAE04EC0-301F-11D3-BF4B-00C04F79EFBC}") = "ConsumeWebApi", "ConsumeWebApi.csproj", "{E008F822-80C6-4362-B3FB-B46A1165442F}"
EndProject
Project("{FAE04EC0-301F-11D3-BF4B-00C04F79EFBC}") = "CMVC", "..\CMVC\CMVC.csproj", "{6240E0BE-010F-42B3-8358-DE96F12DCED1}"
EndProject
Global
	GlobalSection(SolutionConfigurationPlatforms) = preSolution
		Debug|Any CPU = Debug|Any CPU
		Release|Any CPU = Release|Any CPU
	EndGlobalSection
	GlobalSection(ProjectConfigurationPlatforms) = postSolution
		{E008F822-80C6-4362-B3FB-B46A1165442F}.Debug|Any CPU.ActiveCfg = Debug|Any CPU
		{E008F822-80C6-4362-B3FB-B46A1165442F}.Debug|Any CPU.Build.0 = Debug|Any CPU
		{E008F822-80C6-4362-B3FB-B46A1165442F}.Release|Any CPU.ActiveCfg = Release|Any CPU
		{E008F822-80C6-4362-B3FB-B46A1165442F}.Release|Any CPU.Build.0 = Release|Any CPU
		{6240E0BE-010F-42B3-8358-DE96F12DCED1}.Debug|Any CPU.ActiveCfg = Debug|Any CPU
		{6240E0BE-010F-42B3-8358-DE96F12DCED1}.Debug|Any CPU.Build.0 = Debug|Any CPU
		{6240E0BE-010F-42B3-8358-DE96F12DCED1}.Release|Any CPU.ActiveCfg = Release|Any CPU
		{6240E0BE-010F-42B3-8358-DE96F12DCED1}.Release|Any CPU.Build.0 = Release|Any CPU
	EndGlobalSection
	GlobalSection(SolutionProperties) = preSolution
		HideSolutionNode = FALSE
	EndGlobalSection
	GlobalSection(ExtensibilityGlobals) = postSolution
		SolutionGuid = {41FCFB96-6583-44A9-A671-BB27B95C63D9}
	EndGlobalSection
EndGlobal
