
Microsoft Visual Studio Solution File, Format Version 12.00
# Visual Studio Version 17
VisualStudioVersion = 17.7.34024.191
MinimumVisualStudioVersion = 10.0.40219.1
Project("{FAE04EC0-301F-11D3-BF4B-00C04F79EFBC}") = "MyNewProjectApi", "MyNewProjectApi.csproj", "{A3DD2E0A-E756-4B34-8CD7-C3ED9D50C09D}"
EndProject
Global
	GlobalSection(SolutionConfigurationPlatforms) = preSolution
		Debug|Any CPU = Debug|Any CPU
		Release|Any CPU = Release|Any CPU
	EndGlobalSection
	GlobalSection(ProjectConfigurationPlatforms) = postSolution
		{A3DD2E0A-E756-4B34-8CD7-C3ED9D50C09D}.Debug|Any CPU.ActiveCfg = Debug|Any CPU
		{A3DD2E0A-E756-4B34-8CD7-C3ED9D50C09D}.Debug|Any CPU.Build.0 = Debug|Any CPU
		{A3DD2E0A-E756-4B34-8CD7-C3ED9D50C09D}.Release|Any CPU.ActiveCfg = Release|Any CPU
		{A3DD2E0A-E756-4B34-8CD7-C3ED9D50C09D}.Release|Any CPU.Build.0 = Release|Any CPU
	EndGlobalSection
	GlobalSection(SolutionProperties) = preSolution
		HideSolutionNode = FALSE
	EndGlobalSection
	GlobalSection(ExtensibilityGlobals) = postSolution
		SolutionGuid = {FA257F1A-6B95-4EAF-BCE8-4C05D5DAA1B6}
	EndGlobalSection
EndGlobal
