
Microsoft Visual Studio Solution File, Format Version 12.00
# Visual Studio Version 17
VisualStudioVersion = 17.7.34024.191
MinimumVisualStudioVersion = 10.0.40219.1
Project("{FAE04EC0-301F-11D3-BF4B-00C04F79EFBC}") = "MyWatchApi", "MyWatchApi.csproj", "{FA28C527-6FCC-4EE7-B5FC-14D80D220EAE}"
EndProject
Global
	GlobalSection(SolutionConfigurationPlatforms) = preSolution
		Debug|Any CPU = Debug|Any CPU
		Release|Any CPU = Release|Any CPU
	EndGlobalSection
	GlobalSection(ProjectConfigurationPlatforms) = postSolution
		{FA28C527-6FCC-4EE7-B5FC-14D80D220EAE}.Debug|Any CPU.ActiveCfg = Debug|Any CPU
		{FA28C527-6FCC-4EE7-B5FC-14D80D220EAE}.Debug|Any CPU.Build.0 = Debug|Any CPU
		{FA28C527-6FCC-4EE7-B5FC-14D80D220EAE}.Release|Any CPU.ActiveCfg = Release|Any CPU
		{FA28C527-6FCC-4EE7-B5FC-14D80D220EAE}.Release|Any CPU.Build.0 = Release|Any CPU
	EndGlobalSection
	GlobalSection(SolutionProperties) = preSolution
		HideSolutionNode = FALSE
	EndGlobalSection
	GlobalSection(ExtensibilityGlobals) = postSolution
		SolutionGuid = {E30A47D0-385D-4052-9374-E38356C5F80E}
	EndGlobalSection
EndGlobal
